
Microsoft Visual Studio Solution File, Format Version 12.00
# Visual Studio Version 16
VisualStudioVersion = 16.0.32510.428
MinimumVisualStudioVersion = 10.0.40219.1
Project("{FAE04EC0-301F-11D3-BF4B-00C04F79EFBC}") = "model-1", "model-1\model-1.csproj", "{3AB4D719-9B17-44EE-9506-3045D8E24440}"
EndProject
Project("{2150E333-8FDC-42A3-9474-1A3956D46DE8}") = "laba1", "laba1", "{4A1F21EB-4301-4E6C-BF11-5BE1BE904F1A}"
EndProject
Project("{2150E333-8FDC-42A3-9474-1A3956D46DE8}") = "laba-1", "laba-1", "{43016C5C-F373-45BD-87DC-59AB646DEB9A}"
EndProject
Project("{2150E333-8FDC-42A3-9474-1A3956D46DE8}") = "Model", "Model", "{26434CF5-4F30-4EED-97FC-99E28ABCAF6E}"
EndProject
Project("{2150E333-8FDC-42A3-9474-1A3956D46DE8}") = "View", "View", "{B0AA3F01-5DAE-464C-8B46-E07E0F997F5D}"
EndProject
Project("{FAE04EC0-301F-11D3-BF4B-00C04F79EFBC}") = "view-1", "view-1\view-1.csproj", "{8FA728D4-5D6B-4AFE-B996-6AD6683F671D}"
EndProject
Project("{2150E333-8FDC-42A3-9474-1A3956D46DE8}") = "lava-2", "lava-2", "{10BDFBE0-5F5C-43D9-A395-03C4BF714D78}"
EndProject
Project("{2150E333-8FDC-42A3-9474-1A3956D46DE8}") = "model", "model", "{A4DCF2BD-AE14-43CB-B29E-61B2C4506E17}"
EndProject
Project("{2150E333-8FDC-42A3-9474-1A3956D46DE8}") = "view", "view", "{82042BAC-D0AC-4CB4-9FFA-2072CB636F88}"
EndProject
Project("{FAE04EC0-301F-11D3-BF4B-00C04F79EFBC}") = "model-2", "model-2\model-2.csproj", "{34050C5E-3F90-430E-AED3-AEE15C3B6A72}"
EndProject
Project("{FAE04EC0-301F-11D3-BF4B-00C04F79EFBC}") = "view-2", "view-2\view-2.csproj", "{02B4B69B-30FE-49A5-8660-7612E4445D37}"
EndProject
Global
	GlobalSection(SolutionConfigurationPlatforms) = preSolution
		Debug|Any CPU = Debug|Any CPU
		Release|Any CPU = Release|Any CPU
	EndGlobalSection
	GlobalSection(ProjectConfigurationPlatforms) = postSolution
		{3AB4D719-9B17-44EE-9506-3045D8E24440}.Debug|Any CPU.ActiveCfg = Debug|Any CPU
		{3AB4D719-9B17-44EE-9506-3045D8E24440}.Debug|Any CPU.Build.0 = Debug|Any CPU
		{3AB4D719-9B17-44EE-9506-3045D8E24440}.Release|Any CPU.ActiveCfg = Release|Any CPU
		{3AB4D719-9B17-44EE-9506-3045D8E24440}.Release|Any CPU.Build.0 = Release|Any CPU
		{8FA728D4-5D6B-4AFE-B996-6AD6683F671D}.Debug|Any CPU.ActiveCfg = Debug|Any CPU
		{8FA728D4-5D6B-4AFE-B996-6AD6683F671D}.Debug|Any CPU.Build.0 = Debug|Any CPU
		{8FA728D4-5D6B-4AFE-B996-6AD6683F671D}.Release|Any CPU.ActiveCfg = Release|Any CPU
		{8FA728D4-5D6B-4AFE-B996-6AD6683F671D}.Release|Any CPU.Build.0 = Release|Any CPU
		{34050C5E-3F90-430E-AED3-AEE15C3B6A72}.Debug|Any CPU.ActiveCfg = Debug|Any CPU
		{34050C5E-3F90-430E-AED3-AEE15C3B6A72}.Debug|Any CPU.Build.0 = Debug|Any CPU
		{34050C5E-3F90-430E-AED3-AEE15C3B6A72}.Release|Any CPU.ActiveCfg = Release|Any CPU
		{34050C5E-3F90-430E-AED3-AEE15C3B6A72}.Release|Any CPU.Build.0 = Release|Any CPU
		{02B4B69B-30FE-49A5-8660-7612E4445D37}.Debug|Any CPU.ActiveCfg = Debug|Any CPU
		{02B4B69B-30FE-49A5-8660-7612E4445D37}.Debug|Any CPU.Build.0 = Debug|Any CPU
		{02B4B69B-30FE-49A5-8660-7612E4445D37}.Release|Any CPU.ActiveCfg = Release|Any CPU
		{02B4B69B-30FE-49A5-8660-7612E4445D37}.Release|Any CPU.Build.0 = Release|Any CPU
	EndGlobalSection
	GlobalSection(SolutionProperties) = preSolution
		HideSolutionNode = FALSE
	EndGlobalSection
	GlobalSection(NestedProjects) = preSolution
		{3AB4D719-9B17-44EE-9506-3045D8E24440} = {26434CF5-4F30-4EED-97FC-99E28ABCAF6E}
		{26434CF5-4F30-4EED-97FC-99E28ABCAF6E} = {43016C5C-F373-45BD-87DC-59AB646DEB9A}
		{B0AA3F01-5DAE-464C-8B46-E07E0F997F5D} = {43016C5C-F373-45BD-87DC-59AB646DEB9A}
		{8FA728D4-5D6B-4AFE-B996-6AD6683F671D} = {B0AA3F01-5DAE-464C-8B46-E07E0F997F5D}
		{A4DCF2BD-AE14-43CB-B29E-61B2C4506E17} = {10BDFBE0-5F5C-43D9-A395-03C4BF714D78}
		{82042BAC-D0AC-4CB4-9FFA-2072CB636F88} = {10BDFBE0-5F5C-43D9-A395-03C4BF714D78}
		{34050C5E-3F90-430E-AED3-AEE15C3B6A72} = {A4DCF2BD-AE14-43CB-B29E-61B2C4506E17}
		{02B4B69B-30FE-49A5-8660-7612E4445D37} = {82042BAC-D0AC-4CB4-9FFA-2072CB636F88}
	EndGlobalSection
	GlobalSection(ExtensibilityGlobals) = postSolution
		SolutionGuid = {25B4D54E-C0C7-4DEE-8C50-77C206EB1BD1}
	EndGlobalSection
EndGlobal
